
Microsoft Visual Studio Solution File, Format Version 12.00
# Visual Studio 14
VisualStudioVersion = 14.0.25420.1
MinimumVisualStudioVersion = 10.0.40219.1
Project("{FAE04EC0-301F-11D3-BF4B-00C04F79EFBC}") = "SafeDeal.Core", "SafeDeal.Core\SafeDeal.Core.csproj", "{2EE9F484-38C0-4645-9DA2-DC8396B57E9B}"
EndProject
Project("{FAE04EC0-301F-11D3-BF4B-00C04F79EFBC}") = "SafeDeal.Android", "SafeDeal.Android\SafeDeal.Android.csproj", "{EDD437CB-5F8E-419D-A5A2-5C3DD0BDC96D}"
EndProject
Project("{FAE04EC0-301F-11D3-BF4B-00C04F79EFBC}") = "SafeDeal.IOS", "SafeDeal.IOS\SafeDeal.IOS.csproj", "{56CEE883-9A57-4735-876B-2670DB6BA328}"
EndProject
Global
	GlobalSection(SolutionConfigurationPlatforms) = preSolution
		Ad-Hoc|Any CPU = Ad-Hoc|Any CPU
		Ad-Hoc|iPhone = Ad-Hoc|iPhone
		Ad-Hoc|iPhoneSimulator = Ad-Hoc|iPhoneSimulator
		AppStore|Any CPU = AppStore|Any CPU
		AppStore|iPhone = AppStore|iPhone
		AppStore|iPhoneSimulator = AppStore|iPhoneSimulator
		Debug|Any CPU = Debug|Any CPU
		Debug|iPhone = Debug|iPhone
		Debug|iPhoneSimulator = Debug|iPhoneSimulator
		Release|Any CPU = Release|Any CPU
		Release|iPhone = Release|iPhone
		Release|iPhoneSimulator = Release|iPhoneSimulator
	EndGlobalSection
	GlobalSection(ProjectConfigurationPlatforms) = postSolution
		{2EE9F484-38C0-4645-9DA2-DC8396B57E9B}.Ad-Hoc|Any CPU.ActiveCfg = Release|Any CPU
		{2EE9F484-38C0-4645-9DA2-DC8396B57E9B}.Ad-Hoc|Any CPU.Build.0 = Release|Any CPU
		{2EE9F484-38C0-4645-9DA2-DC8396B57E9B}.Ad-Hoc|iPhone.ActiveCfg = Release|Any CPU
		{2EE9F484-38C0-4645-9DA2-DC8396B57E9B}.Ad-Hoc|iPhone.Build.0 = Release|Any CPU
		{2EE9F484-38C0-4645-9DA2-DC8396B57E9B}.Ad-Hoc|iPhoneSimulator.ActiveCfg = Release|Any CPU
		{2EE9F484-38C0-4645-9DA2-DC8396B57E9B}.Ad-Hoc|iPhoneSimulator.Build.0 = Release|Any CPU
		{2EE9F484-38C0-4645-9DA2-DC8396B57E9B}.AppStore|Any CPU.ActiveCfg = Release|Any CPU
		{2EE9F484-38C0-4645-9DA2-DC8396B57E9B}.AppStore|Any CPU.Build.0 = Release|Any CPU
		{2EE9F484-38C0-4645-9DA2-DC8396B57E9B}.AppStore|iPhone.ActiveCfg = Release|Any CPU
		{2EE9F484-38C0-4645-9DA2-DC8396B57E9B}.AppStore|iPhone.Build.0 = Release|Any CPU
		{2EE9F484-38C0-4645-9DA2-DC8396B57E9B}.AppStore|iPhoneSimulator.ActiveCfg = Release|Any CPU
		{2EE9F484-38C0-4645-9DA2-DC8396B57E9B}.AppStore|iPhoneSimulator.Build.0 = Release|Any CPU
		{2EE9F484-38C0-4645-9DA2-DC8396B57E9B}.Debug|Any CPU.ActiveCfg = Debug|Any CPU
		{2EE9F484-38C0-4645-9DA2-DC8396B57E9B}.Debug|Any CPU.Build.0 = Debug|Any CPU
		{2EE9F484-38C0-4645-9DA2-DC8396B57E9B}.Debug|iPhone.ActiveCfg = Debug|Any CPU
		{2EE9F484-38C0-4645-9DA2-DC8396B57E9B}.Debug|iPhone.Build.0 = Debug|Any CPU
		{2EE9F484-38C0-4645-9DA2-DC8396B57E9B}.Debug|iPhoneSimulator.ActiveCfg = Debug|Any CPU
		{2EE9F484-38C0-4645-9DA2-DC8396B57E9B}.Debug|iPhoneSimulator.Build.0 = Debug|Any CPU
		{2EE9F484-38C0-4645-9DA2-DC8396B57E9B}.Release|Any CPU.ActiveCfg = Release|Any CPU
		{2EE9F484-38C0-4645-9DA2-DC8396B57E9B}.Release|Any CPU.Build.0 = Release|Any CPU
		{2EE9F484-38C0-4645-9DA2-DC8396B57E9B}.Release|iPhone.ActiveCfg = Release|Any CPU
		{2EE9F484-38C0-4645-9DA2-DC8396B57E9B}.Release|iPhone.Build.0 = Release|Any CPU
		{2EE9F484-38C0-4645-9DA2-DC8396B57E9B}.Release|iPhoneSimulator.ActiveCfg = Release|Any CPU
		{2EE9F484-38C0-4645-9DA2-DC8396B57E9B}.Release|iPhoneSimulator.Build.0 = Release|Any CPU
		{EDD437CB-5F8E-419D-A5A2-5C3DD0BDC96D}.Ad-Hoc|Any CPU.ActiveCfg = Release|Any CPU
		{EDD437CB-5F8E-419D-A5A2-5C3DD0BDC96D}.Ad-Hoc|Any CPU.Build.0 = Release|Any CPU
		{EDD437CB-5F8E-419D-A5A2-5C3DD0BDC96D}.Ad-Hoc|Any CPU.Deploy.0 = Release|Any CPU
		{EDD437CB-5F8E-419D-A5A2-5C3DD0BDC96D}.Ad-Hoc|iPhone.ActiveCfg = Release|Any CPU
		{EDD437CB-5F8E-419D-A5A2-5C3DD0BDC96D}.Ad-Hoc|iPhone.Build.0 = Release|Any CPU
		{EDD437CB-5F8E-419D-A5A2-5C3DD0BDC96D}.Ad-Hoc|iPhone.Deploy.0 = Release|Any CPU
		{EDD437CB-5F8E-419D-A5A2-5C3DD0BDC96D}.Ad-Hoc|iPhoneSimulator.ActiveCfg = Release|Any CPU
		{EDD437CB-5F8E-419D-A5A2-5C3DD0BDC96D}.Ad-Hoc|iPhoneSimulator.Build.0 = Release|Any CPU
		{EDD437CB-5F8E-419D-A5A2-5C3DD0BDC96D}.Ad-Hoc|iPhoneSimulator.Deploy.0 = Release|Any CPU
		{EDD437CB-5F8E-419D-A5A2-5C3DD0BDC96D}.AppStore|Any CPU.ActiveCfg = Release|Any CPU
		{EDD437CB-5F8E-419D-A5A2-5C3DD0BDC96D}.AppStore|Any CPU.Build.0 = Release|Any CPU
		{EDD437CB-5F8E-419D-A5A2-5C3DD0BDC96D}.AppStore|Any CPU.Deploy.0 = Release|Any CPU
		{EDD437CB-5F8E-419D-A5A2-5C3DD0BDC96D}.AppStore|iPhone.ActiveCfg = Release|Any CPU
		{EDD437CB-5F8E-419D-A5A2-5C3DD0BDC96D}.AppStore|iPhone.Build.0 = Release|Any CPU
		{EDD437CB-5F8E-419D-A5A2-5C3DD0BDC96D}.AppStore|iPhone.Deploy.0 = Release|Any CPU
		{EDD437CB-5F8E-419D-A5A2-5C3DD0BDC96D}.AppStore|iPhoneSimulator.ActiveCfg = Release|Any CPU
		{EDD437CB-5F8E-419D-A5A2-5C3DD0BDC96D}.AppStore|iPhoneSimulator.Build.0 = Release|Any CPU
		{EDD437CB-5F8E-419D-A5A2-5C3DD0BDC96D}.AppStore|iPhoneSimulator.Deploy.0 = Release|Any CPU
		{EDD437CB-5F8E-419D-A5A2-5C3DD0BDC96D}.Debug|Any CPU.ActiveCfg = Debug|Any CPU
		{EDD437CB-5F8E-419D-A5A2-5C3DD0BDC96D}.Debug|Any CPU.Build.0 = Debug|Any CPU
		{EDD437CB-5F8E-419D-A5A2-5C3DD0BDC96D}.Debug|Any CPU.Deploy.0 = Debug|Any CPU
		{EDD437CB-5F8E-419D-A5A2-5C3DD0BDC96D}.Debug|iPhone.ActiveCfg = Debug|Any CPU
		{EDD437CB-5F8E-419D-A5A2-5C3DD0BDC96D}.Debug|iPhone.Build.0 = Debug|Any CPU
		{EDD437CB-5F8E-419D-A5A2-5C3DD0BDC96D}.Debug|iPhone.Deploy.0 = Debug|Any CPU
		{EDD437CB-5F8E-419D-A5A2-5C3DD0BDC96D}.Debug|iPhoneSimulator.ActiveCfg = Debug|Any CPU
		{EDD437CB-5F8E-419D-A5A2-5C3DD0BDC96D}.Debug|iPhoneSimulator.Build.0 = Debug|Any CPU
		{EDD437CB-5F8E-419D-A5A2-5C3DD0BDC96D}.Debug|iPhoneSimulator.Deploy.0 = Debug|Any CPU
		{EDD437CB-5F8E-419D-A5A2-5C3DD0BDC96D}.Release|Any CPU.ActiveCfg = Release|Any CPU
		{EDD437CB-5F8E-419D-A5A2-5C3DD0BDC96D}.Release|Any CPU.Build.0 = Release|Any CPU
		{EDD437CB-5F8E-419D-A5A2-5C3DD0BDC96D}.Release|Any CPU.Deploy.0 = Release|Any CPU
		{EDD437CB-5F8E-419D-A5A2-5C3DD0BDC96D}.Release|iPhone.ActiveCfg = Release|Any CPU
		{EDD437CB-5F8E-419D-A5A2-5C3DD0BDC96D}.Release|iPhone.Build.0 = Release|Any CPU
		{EDD437CB-5F8E-419D-A5A2-5C3DD0BDC96D}.Release|iPhone.Deploy.0 = Release|Any CPU
		{EDD437CB-5F8E-419D-A5A2-5C3DD0BDC96D}.Release|iPhoneSimulator.ActiveCfg = Release|Any CPU
		{EDD437CB-5F8E-419D-A5A2-5C3DD0BDC96D}.Release|iPhoneSimulator.Build.0 = Release|Any CPU
		{EDD437CB-5F8E-419D-A5A2-5C3DD0BDC96D}.Release|iPhoneSimulator.Deploy.0 = Release|Any CPU
		{56CEE883-9A57-4735-876B-2670DB6BA328}.Ad-Hoc|Any CPU.ActiveCfg = Ad-Hoc|iPhone
		{56CEE883-9A57-4735-876B-2670DB6BA328}.Ad-Hoc|iPhone.ActiveCfg = Ad-Hoc|iPhone
		{56CEE883-9A57-4735-876B-2670DB6BA328}.Ad-Hoc|iPhone.Build.0 = Ad-Hoc|iPhone
		{56CEE883-9A57-4735-876B-2670DB6BA328}.Ad-Hoc|iPhoneSimulator.ActiveCfg = Ad-Hoc|iPhoneSimulator
		{56CEE883-9A57-4735-876B-2670DB6BA328}.Ad-Hoc|iPhoneSimulator.Build.0 = Ad-Hoc|iPhoneSimulator
		{56CEE883-9A57-4735-876B-2670DB6BA328}.AppStore|Any CPU.ActiveCfg = AppStore|iPhone
		{56CEE883-9A57-4735-876B-2670DB6BA328}.AppStore|iPhone.ActiveCfg = AppStore|iPhone
		{56CEE883-9A57-4735-876B-2670DB6BA328}.AppStore|iPhone.Build.0 = AppStore|iPhone
		{56CEE883-9A57-4735-876B-2670DB6BA328}.AppStore|iPhoneSimulator.ActiveCfg = AppStore|iPhoneSimulator
		{56CEE883-9A57-4735-876B-2670DB6BA328}.AppStore|iPhoneSimulator.Build.0 = AppStore|iPhoneSimulator
		{56CEE883-9A57-4735-876B-2670DB6BA328}.Debug|Any CPU.ActiveCfg = Debug|iPhone
		{56CEE883-9A57-4735-876B-2670DB6BA328}.Debug|iPhone.ActiveCfg = Debug|iPhone
		{56CEE883-9A57-4735-876B-2670DB6BA328}.Debug|iPhone.Build.0 = Debug|iPhone
		{56CEE883-9A57-4735-876B-2670DB6BA328}.Debug|iPhoneSimulator.ActiveCfg = Debug|iPhoneSimulator
		{56CEE883-9A57-4735-876B-2670DB6BA328}.Debug|iPhoneSimulator.Build.0 = Debug|iPhoneSimulator
		{56CEE883-9A57-4735-876B-2670DB6BA328}.Release|Any CPU.ActiveCfg = Release|iPhone
		{56CEE883-9A57-4735-876B-2670DB6BA328}.Release|iPhone.ActiveCfg = Release|iPhone
		{56CEE883-9A57-4735-876B-2670DB6BA328}.Release|iPhone.Build.0 = Release|iPhone
		{56CEE883-9A57-4735-876B-2670DB6BA328}.Release|iPhoneSimulator.ActiveCfg = Release|iPhoneSimulator
		{56CEE883-9A57-4735-876B-2670DB6BA328}.Release|iPhoneSimulator.Build.0 = Release|iPhoneSimulator
	EndGlobalSection
	GlobalSection(SolutionProperties) = preSolution
		HideSolutionNode = FALSE
	EndGlobalSection
EndGlobal
